
Microsoft Visual Studio Solution File, Format Version 12.00
# Visual Studio Version 17
VisualStudioVersion = 17.10.35122.118
MinimumVisualStudioVersion = 10.0.40219.1
Project("{9A19103F-16F7-4668-BE54-9A1E7A4F7556}") = "ToDoList.Server", "library_management_system.Server\ToDoList.Server.csproj", "{7AAADB8B-3DD9-45F6-8D74-AE947708279D}"
EndProject
Project("{54A90642-561A-4BB1-A94E-469ADEE60C69}") = "ToDoList.client", "library_management_system.client\ToDoList.client.esproj", "{C7CD062D-C18D-49DE-A7F6-DB4848A8775D}"
EndProject
Global
	GlobalSection(SolutionConfigurationPlatforms) = preSolution
		Debug|Any CPU = Debug|Any CPU
		Release|Any CPU = Release|Any CPU
	EndGlobalSection
	GlobalSection(ProjectConfigurationPlatforms) = postSolution
		{7AAADB8B-3DD9-45F6-8D74-AE947708279D}.Debug|Any CPU.ActiveCfg = Debug|Any CPU
		{7AAADB8B-3DD9-45F6-8D74-AE947708279D}.Debug|Any CPU.Build.0 = Debug|Any CPU
		{7AAADB8B-3DD9-45F6-8D74-AE947708279D}.Release|Any CPU.ActiveCfg = Release|Any CPU
		{7AAADB8B-3DD9-45F6-8D74-AE947708279D}.Release|Any CPU.Build.0 = Release|Any CPU
		{C7CD062D-C18D-49DE-A7F6-DB4848A8775D}.Debug|Any CPU.ActiveCfg = Debug|Any CPU
		{C7CD062D-C18D-49DE-A7F6-DB4848A8775D}.Debug|Any CPU.Build.0 = Debug|Any CPU
		{C7CD062D-C18D-49DE-A7F6-DB4848A8775D}.Debug|Any CPU.Deploy.0 = Debug|Any CPU
		{C7CD062D-C18D-49DE-A7F6-DB4848A8775D}.Release|Any CPU.ActiveCfg = Release|Any CPU
		{C7CD062D-C18D-49DE-A7F6-DB4848A8775D}.Release|Any CPU.Build.0 = Release|Any CPU
		{C7CD062D-C18D-49DE-A7F6-DB4848A8775D}.Release|Any CPU.Deploy.0 = Release|Any CPU
	EndGlobalSection
	GlobalSection(SolutionProperties) = preSolution
		HideSolutionNode = FALSE
	EndGlobalSection
	GlobalSection(ExtensibilityGlobals) = postSolution
		SolutionGuid = {5C12B685-334A-464C-A766-4437B6091878}
	EndGlobalSection
EndGlobal
